
Microsoft Visual Studio Solution File, Format Version 12.00
Project("{2150E333-8FDC-42A3-9474-1A3956D46DE8}") = "Core", "Core", "{D2A67912-DB02-4ADB-99FE-886A7A88AC25}"
EndProject
Project("{2150E333-8FDC-42A3-9474-1A3956D46DE8}") = "Infrastructure", "Infrastructure", "{30F4ADED-51B7-417A-BDD7-52B92A5FBAAF}"
EndProject
Project("{2150E333-8FDC-42A3-9474-1A3956D46DE8}") = "WebAPI", "WebAPI", "{97514E71-3FDF-4E5C-A76A-AF86B104CE68}"
EndProject
Project("{FAE04EC0-301F-11D3-BF4B-00C04F79EFBC}") = "RentBikeApi.Core.Domain", "RentBikeApi.Core.Domain\RentBikeApi.Core.Domain.csproj", "{81AAD3CC-F3FC-4CF6-A841-E30BCDECDF3A}"
EndProject
Project("{FAE04EC0-301F-11D3-BF4B-00C04F79EFBC}") = "RentBikeApi.Core.Application", "RentBikeApi.Core.Application\RentBikeApi.Core.Application.csproj", "{A39D300A-EF76-46D5-B859-EF4BA9B17F7E}"
EndProject
Project("{2150E333-8FDC-42A3-9474-1A3956D46DE8}") = "Solution Items", "Solution Items", "{C3D6F20A-9624-4A1A-9961-AC8A6866AFD9}"
	ProjectSection(SolutionItems) = preProject
		compose.yaml = compose.yaml
	EndProjectSection
EndProject
Project("{FAE04EC0-301F-11D3-BF4B-00C04F79EFBC}") = "RentBikeApi.Infrastructure.Persistence", "RentBikeApi.Infrastructure.Persistence\RentBikeApi.Infrastructure.Persistence.csproj", "{49FA2A0B-4209-4B42-A333-49B80B4448C3}"
EndProject
Project("{FAE04EC0-301F-11D3-BF4B-00C04F79EFBC}") = "RentBikeApi.WebAPI.API", "RentBikeApi.WebAPI.API\RentBikeApi.WebAPI.API.csproj", "{66B16A0A-592B-4BFE-94B6-62C6ED69FBF2}"
EndProject
Project("{FAE04EC0-301F-11D3-BF4B-00C04F79EFBC}") = "RentBikeApi.Infrastructure.Data", "RentBikeApi.Infrastructure.Data\RentBikeApi.Infrastructure.Data.csproj", "{767E69D9-79AC-4CDD-932F-FAB355617590}"
EndProject
Global
	GlobalSection(SolutionConfigurationPlatforms) = preSolution
		Debug|Any CPU = Debug|Any CPU
		Release|Any CPU = Release|Any CPU
	EndGlobalSection
	GlobalSection(NestedProjects) = preSolution
		{81AAD3CC-F3FC-4CF6-A841-E30BCDECDF3A} = {D2A67912-DB02-4ADB-99FE-886A7A88AC25}
		{A39D300A-EF76-46D5-B859-EF4BA9B17F7E} = {D2A67912-DB02-4ADB-99FE-886A7A88AC25}
		{49FA2A0B-4209-4B42-A333-49B80B4448C3} = {30F4ADED-51B7-417A-BDD7-52B92A5FBAAF}
		{66B16A0A-592B-4BFE-94B6-62C6ED69FBF2} = {97514E71-3FDF-4E5C-A76A-AF86B104CE68}
		{767E69D9-79AC-4CDD-932F-FAB355617590} = {30F4ADED-51B7-417A-BDD7-52B92A5FBAAF}
	EndGlobalSection
	GlobalSection(ProjectConfigurationPlatforms) = postSolution
		{81AAD3CC-F3FC-4CF6-A841-E30BCDECDF3A}.Debug|Any CPU.ActiveCfg = Debug|Any CPU
		{81AAD3CC-F3FC-4CF6-A841-E30BCDECDF3A}.Debug|Any CPU.Build.0 = Debug|Any CPU
		{81AAD3CC-F3FC-4CF6-A841-E30BCDECDF3A}.Release|Any CPU.ActiveCfg = Release|Any CPU
		{81AAD3CC-F3FC-4CF6-A841-E30BCDECDF3A}.Release|Any CPU.Build.0 = Release|Any CPU
		{A39D300A-EF76-46D5-B859-EF4BA9B17F7E}.Debug|Any CPU.ActiveCfg = Debug|Any CPU
		{A39D300A-EF76-46D5-B859-EF4BA9B17F7E}.Debug|Any CPU.Build.0 = Debug|Any CPU
		{A39D300A-EF76-46D5-B859-EF4BA9B17F7E}.Release|Any CPU.ActiveCfg = Release|Any CPU
		{A39D300A-EF76-46D5-B859-EF4BA9B17F7E}.Release|Any CPU.Build.0 = Release|Any CPU
		{49FA2A0B-4209-4B42-A333-49B80B4448C3}.Debug|Any CPU.ActiveCfg = Debug|Any CPU
		{49FA2A0B-4209-4B42-A333-49B80B4448C3}.Debug|Any CPU.Build.0 = Debug|Any CPU
		{49FA2A0B-4209-4B42-A333-49B80B4448C3}.Release|Any CPU.ActiveCfg = Release|Any CPU
		{49FA2A0B-4209-4B42-A333-49B80B4448C3}.Release|Any CPU.Build.0 = Release|Any CPU
		{66B16A0A-592B-4BFE-94B6-62C6ED69FBF2}.Debug|Any CPU.ActiveCfg = Debug|Any CPU
		{66B16A0A-592B-4BFE-94B6-62C6ED69FBF2}.Debug|Any CPU.Build.0 = Debug|Any CPU
		{66B16A0A-592B-4BFE-94B6-62C6ED69FBF2}.Release|Any CPU.ActiveCfg = Release|Any CPU
		{66B16A0A-592B-4BFE-94B6-62C6ED69FBF2}.Release|Any CPU.Build.0 = Release|Any CPU
		{767E69D9-79AC-4CDD-932F-FAB355617590}.Debug|Any CPU.ActiveCfg = Debug|Any CPU
		{767E69D9-79AC-4CDD-932F-FAB355617590}.Debug|Any CPU.Build.0 = Debug|Any CPU
		{767E69D9-79AC-4CDD-932F-FAB355617590}.Release|Any CPU.ActiveCfg = Release|Any CPU
		{767E69D9-79AC-4CDD-932F-FAB355617590}.Release|Any CPU.Build.0 = Release|Any CPU
	EndGlobalSection
EndGlobal
